
Microsoft Visual Studio Solution File, Format Version 12.00
# Visual Studio 15
VisualStudioVersion = 15.0.27130.2024
MinimumVisualStudioVersion = 10.0.40219.1
Project("{FAE04EC0-301F-11D3-BF4B-00C04F79EFBC}") = "LeskivSharp02", "LeskivSharp02\LeskivSharp02.csproj", "{38A7C2EC-6249-4EB6-B558-8B1C4ED9A07B}"
EndProject
Global
	GlobalSection(SolutionConfigurationPlatforms) = preSolution
		Debug|Any CPU = Debug|Any CPU
		Release|Any CPU = Release|Any CPU
	EndGlobalSection
	GlobalSection(ProjectConfigurationPlatforms) = postSolution
		{38A7C2EC-6249-4EB6-B558-8B1C4ED9A07B}.Debug|Any CPU.ActiveCfg = Debug|Any CPU
		{38A7C2EC-6249-4EB6-B558-8B1C4ED9A07B}.Debug|Any CPU.Build.0 = Debug|Any CPU
		{38A7C2EC-6249-4EB6-B558-8B1C4ED9A07B}.Release|Any CPU.ActiveCfg = Release|Any CPU
		{38A7C2EC-6249-4EB6-B558-8B1C4ED9A07B}.Release|Any CPU.Build.0 = Release|Any CPU
	EndGlobalSection
	GlobalSection(SolutionProperties) = preSolution
		HideSolutionNode = FALSE
	EndGlobalSection
	GlobalSection(ExtensibilityGlobals) = postSolution
		SolutionGuid = {7C24BF53-2768-4061-9F3C-15D5581F1EF0}
	EndGlobalSection
EndGlobal
